
Microsoft Visual Studio Solution File, Format Version 12.00
# Visual Studio 15
VisualStudioVersion = 15.0.26124.0
MinimumVisualStudioVersion = 15.0.26124.0
Project("{FAE04EC0-301F-11D3-BF4B-00C04F79EFBC}") = "CatalogApi", "CatalogApi\CatalogApi.csproj", "{3D2D395C-6592-4D09-B18D-96C1336D38EF}"
EndProject
Project("{FAE04EC0-301F-11D3-BF4B-00C04F79EFBC}") = "OrdersApi", "OrdersApi\OrdersApi.csproj", "{B495A61C-E0A3-49DB-A59A-F0AB4F382760}"
EndProject
Project("{FAE04EC0-301F-11D3-BF4B-00C04F79EFBC}") = "GatewayApi", "GatewayApi\GatewayApi.csproj", "{42134DAA-7483-46D8-BA88-EAA50BDCA567}"
EndProject
Global
	GlobalSection(SolutionProperties) = preSolution
		HideSolutionNode = FALSE
	EndGlobalSection
	GlobalSection(SolutionConfigurationPlatforms) = preSolution
		Debug|Any CPU = Debug|Any CPU
		Debug|x64 = Debug|x64
		Debug|x86 = Debug|x86
		Release|Any CPU = Release|Any CPU
		Release|x64 = Release|x64
		Release|x86 = Release|x86
	EndGlobalSection
	GlobalSection(ProjectConfigurationPlatforms) = postSolution
		{3D2D395C-6592-4D09-B18D-96C1336D38EF}.Debug|Any CPU.ActiveCfg = Debug|Any CPU
		{3D2D395C-6592-4D09-B18D-96C1336D38EF}.Debug|Any CPU.Build.0 = Debug|Any CPU
		{3D2D395C-6592-4D09-B18D-96C1336D38EF}.Debug|x64.ActiveCfg = Debug|Any CPU
		{3D2D395C-6592-4D09-B18D-96C1336D38EF}.Debug|x64.Build.0 = Debug|Any CPU
		{3D2D395C-6592-4D09-B18D-96C1336D38EF}.Debug|x86.ActiveCfg = Debug|Any CPU
		{3D2D395C-6592-4D09-B18D-96C1336D38EF}.Debug|x86.Build.0 = Debug|Any CPU
		{3D2D395C-6592-4D09-B18D-96C1336D38EF}.Release|Any CPU.ActiveCfg = Release|Any CPU
		{3D2D395C-6592-4D09-B18D-96C1336D38EF}.Release|Any CPU.Build.0 = Release|Any CPU
		{3D2D395C-6592-4D09-B18D-96C1336D38EF}.Release|x64.ActiveCfg = Release|Any CPU
		{3D2D395C-6592-4D09-B18D-96C1336D38EF}.Release|x64.Build.0 = Release|Any CPU
		{3D2D395C-6592-4D09-B18D-96C1336D38EF}.Release|x86.ActiveCfg = Release|Any CPU
		{3D2D395C-6592-4D09-B18D-96C1336D38EF}.Release|x86.Build.0 = Release|Any CPU
		{B495A61C-E0A3-49DB-A59A-F0AB4F382760}.Debug|Any CPU.ActiveCfg = Debug|Any CPU
		{B495A61C-E0A3-49DB-A59A-F0AB4F382760}.Debug|Any CPU.Build.0 = Debug|Any CPU
		{B495A61C-E0A3-49DB-A59A-F0AB4F382760}.Debug|x64.ActiveCfg = Debug|Any CPU
		{B495A61C-E0A3-49DB-A59A-F0AB4F382760}.Debug|x64.Build.0 = Debug|Any CPU
		{B495A61C-E0A3-49DB-A59A-F0AB4F382760}.Debug|x86.ActiveCfg = Debug|Any CPU
		{B495A61C-E0A3-49DB-A59A-F0AB4F382760}.Debug|x86.Build.0 = Debug|Any CPU
		{B495A61C-E0A3-49DB-A59A-F0AB4F382760}.Release|Any CPU.ActiveCfg = Release|Any CPU
		{B495A61C-E0A3-49DB-A59A-F0AB4F382760}.Release|Any CPU.Build.0 = Release|Any CPU
		{B495A61C-E0A3-49DB-A59A-F0AB4F382760}.Release|x64.ActiveCfg = Release|Any CPU
		{B495A61C-E0A3-49DB-A59A-F0AB4F382760}.Release|x64.Build.0 = Release|Any CPU
		{B495A61C-E0A3-49DB-A59A-F0AB4F382760}.Release|x86.ActiveCfg = Release|Any CPU
		{B495A61C-E0A3-49DB-A59A-F0AB4F382760}.Release|x86.Build.0 = Release|Any CPU
		{42134DAA-7483-46D8-BA88-EAA50BDCA567}.Debug|Any CPU.ActiveCfg = Debug|Any CPU
		{42134DAA-7483-46D8-BA88-EAA50BDCA567}.Debug|Any CPU.Build.0 = Debug|Any CPU
		{42134DAA-7483-46D8-BA88-EAA50BDCA567}.Debug|x64.ActiveCfg = Debug|Any CPU
		{42134DAA-7483-46D8-BA88-EAA50BDCA567}.Debug|x64.Build.0 = Debug|Any CPU
		{42134DAA-7483-46D8-BA88-EAA50BDCA567}.Debug|x86.ActiveCfg = Debug|Any CPU
		{42134DAA-7483-46D8-BA88-EAA50BDCA567}.Debug|x86.Build.0 = Debug|Any CPU
		{42134DAA-7483-46D8-BA88-EAA50BDCA567}.Release|Any CPU.ActiveCfg = Release|Any CPU
		{42134DAA-7483-46D8-BA88-EAA50BDCA567}.Release|Any CPU.Build.0 = Release|Any CPU
		{42134DAA-7483-46D8-BA88-EAA50BDCA567}.Release|x64.ActiveCfg = Release|Any CPU
		{42134DAA-7483-46D8-BA88-EAA50BDCA567}.Release|x64.Build.0 = Release|Any CPU
		{42134DAA-7483-46D8-BA88-EAA50BDCA567}.Release|x86.ActiveCfg = Release|Any CPU
		{42134DAA-7483-46D8-BA88-EAA50BDCA567}.Release|x86.Build.0 = Release|Any CPU
	EndGlobalSection
EndGlobal
